
Microsoft Visual Studio Solution File, Format Version 12.00
# Visual Studio 15
VisualStudioVersion = 15.0.26730.12
MinimumVisualStudioVersion = 10.0.40219.1
Project("{FAE04EC0-301F-11D3-BF4B-00C04F79EFBC}") = "Lab_3", "Lab_3\Lab_3.csproj", "{71682B04-280B-4533-A037-4BF4007A9B08}"
EndProject
Global
	GlobalSection(SolutionConfigurationPlatforms) = preSolution
		Debug|Any CPU = Debug|Any CPU
		Release|Any CPU = Release|Any CPU
	EndGlobalSection
	GlobalSection(ProjectConfigurationPlatforms) = postSolution
		{71682B04-280B-4533-A037-4BF4007A9B08}.Debug|Any CPU.ActiveCfg = Debug|Any CPU
		{71682B04-280B-4533-A037-4BF4007A9B08}.Debug|Any CPU.Build.0 = Debug|Any CPU
		{71682B04-280B-4533-A037-4BF4007A9B08}.Release|Any CPU.ActiveCfg = Release|Any CPU
		{71682B04-280B-4533-A037-4BF4007A9B08}.Release|Any CPU.Build.0 = Release|Any CPU
	EndGlobalSection
	GlobalSection(SolutionProperties) = preSolution
		HideSolutionNode = FALSE
	EndGlobalSection
	GlobalSection(ExtensibilityGlobals) = postSolution
		SolutionGuid = {C666B919-BBA6-4BE0-B9B6-A14141BBF2A9}
	EndGlobalSection
EndGlobal
