
Microsoft Visual Studio Solution File, Format Version 12.00
# Visual Studio 15
VisualStudioVersion = 15.0.26730.12
MinimumVisualStudioVersion = 10.0.40219.1
Project("{FAE04EC0-301F-11D3-BF4B-00C04F79EFBC}") = "Lab_2", "Lab_2\Lab_2.csproj", "{5C96CD1D-63B9-41FB-A1C3-ADB47D826559}"
EndProject
Global
	GlobalSection(SolutionConfigurationPlatforms) = preSolution
		Debug|Any CPU = Debug|Any CPU
		Release|Any CPU = Release|Any CPU
	EndGlobalSection
	GlobalSection(ProjectConfigurationPlatforms) = postSolution
		{5C96CD1D-63B9-41FB-A1C3-ADB47D826559}.Debug|Any CPU.ActiveCfg = Debug|Any CPU
		{5C96CD1D-63B9-41FB-A1C3-ADB47D826559}.Debug|Any CPU.Build.0 = Debug|Any CPU
		{5C96CD1D-63B9-41FB-A1C3-ADB47D826559}.Release|Any CPU.ActiveCfg = Release|Any CPU
		{5C96CD1D-63B9-41FB-A1C3-ADB47D826559}.Release|Any CPU.Build.0 = Release|Any CPU
	EndGlobalSection
	GlobalSection(SolutionProperties) = preSolution
		HideSolutionNode = FALSE
	EndGlobalSection
	GlobalSection(ExtensibilityGlobals) = postSolution
		SolutionGuid = {DD91120C-40CC-4922-9B45-5A70938CC154}
	EndGlobalSection
EndGlobal
